
Microsoft Visual Studio Solution File, Format Version 12.00
# Visual Studio Version 17
VisualStudioVersion = 17.3.32929.385
MinimumVisualStudioVersion = 10.0.40219.1
Project("{FAE04EC0-301F-11D3-BF4B-00C04F79EFBC}") = "DataGridView1", "DataGridView1.csproj", "{FA997389-446F-4049-A63C-51E003A19A4F}"
EndProject
Project("{FAE04EC0-301F-11D3-BF4B-00C04F79EFBC}") = "CLL1", "..\CLL1\CLL1.csproj", "{0B4CB4E8-4612-48A1-BF05-1976A6C92DC7}"
EndProject
Project("{FAE04EC0-301F-11D3-BF4B-00C04F79EFBC}") = "XUNIT_1", "..\XUNIT_1\XUNIT_1.csproj", "{49DC151C-5767-4561-88F4-B03E7CF6B467}"
EndProject
Global
	GlobalSection(SolutionConfigurationPlatforms) = preSolution
		Debug|Any CPU = Debug|Any CPU
		Release|Any CPU = Release|Any CPU
	EndGlobalSection
	GlobalSection(ProjectConfigurationPlatforms) = postSolution
		{FA997389-446F-4049-A63C-51E003A19A4F}.Debug|Any CPU.ActiveCfg = Debug|Any CPU
		{FA997389-446F-4049-A63C-51E003A19A4F}.Debug|Any CPU.Build.0 = Debug|Any CPU
		{FA997389-446F-4049-A63C-51E003A19A4F}.Release|Any CPU.ActiveCfg = Release|Any CPU
		{FA997389-446F-4049-A63C-51E003A19A4F}.Release|Any CPU.Build.0 = Release|Any CPU
		{0B4CB4E8-4612-48A1-BF05-1976A6C92DC7}.Debug|Any CPU.ActiveCfg = Debug|Any CPU
		{0B4CB4E8-4612-48A1-BF05-1976A6C92DC7}.Debug|Any CPU.Build.0 = Debug|Any CPU
		{0B4CB4E8-4612-48A1-BF05-1976A6C92DC7}.Release|Any CPU.ActiveCfg = Release|Any CPU
		{0B4CB4E8-4612-48A1-BF05-1976A6C92DC7}.Release|Any CPU.Build.0 = Release|Any CPU
		{49DC151C-5767-4561-88F4-B03E7CF6B467}.Debug|Any CPU.ActiveCfg = Debug|Any CPU
		{49DC151C-5767-4561-88F4-B03E7CF6B467}.Debug|Any CPU.Build.0 = Debug|Any CPU
		{49DC151C-5767-4561-88F4-B03E7CF6B467}.Release|Any CPU.ActiveCfg = Release|Any CPU
		{49DC151C-5767-4561-88F4-B03E7CF6B467}.Release|Any CPU.Build.0 = Release|Any CPU
	EndGlobalSection
	GlobalSection(SolutionProperties) = preSolution
		HideSolutionNode = FALSE
	EndGlobalSection
	GlobalSection(ExtensibilityGlobals) = postSolution
		SolutionGuid = {F2909C6F-0DAC-4042-A07A-EA8C0D140A3E}
	EndGlobalSection
EndGlobal
